// !$*UTF8*$!
{
	archiveVersion = 1;
	classes = {
	};
	objectVersion = 50;
	objects = {

/* Begin PBXBuildFile section */
		0CE5D3FF2244BD1000F707F9 /* AppDelegate.m in Sources */ = {isa = PBXBuildFile; fileRef = 0CE5D3FE2244BD1000F707F9 /* AppDelegate.m */; };
		0CE5D4022244BD1000F707F9 /* ViewController.m in Sources */ = {isa = PBXBuildFile; fileRef = 0CE5D4012244BD1000F707F9 /* ViewController.m */; };
		0CE5D4052244BD1000F707F9 /* Main.storyboard in Resources */ = {isa = PBXBuildFile; fileRef = 0CE5D4032244BD1000F707F9 /* Main.storyboard */; };
		0CE5D4072244BD1000F707F9 /* Assets.xcassets in Resources */ = {isa = PBXBuildFile; fileRef = 0CE5D4062244BD1000F707F9 /* Assets.xcassets */; };
		0CE5D40A2244BD1000F707F9 /* LaunchScreen.storyboard in Resources */ = {isa = PBXBuildFile; fileRef = 0CE5D4082244BD1000F707F9 /* LaunchScreen.storyboard */; };
		0CE5D40D2244BD1000F707F9 /* main.m in Sources */ = {isa = PBXBuildFile; fileRef = 0CE5D40C2244BD1000F707F9 /* main.m */; };
		0CE5D4142244BDA600F707F9 /* Container.swift in Sources */ = {isa = PBXBuildFile; fileRef = 0CE5D4132244BDA600F707F9 /* Container.swift */; };
		0CE5D4162244BDC000F707F9 /* List.swift in Sources */ = {isa = PBXBuildFile; fileRef = 0CE5D4152244BDC000F707F9 /* List.swift */; };
		0CE5D4182244BDE900F707F9 /* Queue.swift in Sources */ = {isa = PBXBuildFile; fileRef = 0CE5D4172244BDE900F707F9 /* Queue.swift */; };
		0CE5D41E2244E15800F707F9 /* StringList.swift in Sources */ = {isa = PBXBuildFile; fileRef = 0CE5D41D2244E15800F707F9 /* StringList.swift */; };
/* End PBXBuildFile section */

/* Begin PBXFileReference section */
		0CE5D3FA2244BD1000F707F9 /* ObjcSwiftInterop.app */ = {isa = PBXFileReference; explicitFileType = wrapper.application; includeInIndex = 0; path = ObjcSwiftInterop.app; sourceTree = BUILT_PRODUCTS_DIR; };
		0CE5D3FD2244BD1000F707F9 /* AppDelegate.h */ = {isa = PBXFileReference; lastKnownFileType = sourcecode.c.h; path = AppDelegate.h; sourceTree = "<group>"; };
		0CE5D3FE2244BD1000F707F9 /* AppDelegate.m */ = {isa = PBXFileReference; lastKnownFileType = sourcecode.c.objc; path = AppDelegate.m; sourceTree = "<group>"; };
		0CE5D4002244BD1000F707F9 /* ViewController.h */ = {isa = PBXFileReference; lastKnownFileType = sourcecode.c.h; path = ViewController.h; sourceTree = "<group>"; };
		0CE5D4012244BD1000F707F9 /* ViewController.m */ = {isa = PBXFileReference; lastKnownFileType = sourcecode.c.objc; path = ViewController.m; sourceTree = "<group>"; };
		0CE5D4042244BD1000F707F9 /* Base */ = {isa = PBXFileReference; lastKnownFileType = file.storyboard; name = Base; path = Base.lproj/Main.storyboard; sourceTree = "<group>"; };
		0CE5D4062244BD1000F707F9 /* Assets.xcassets */ = {isa = PBXFileReference; lastKnownFileType = folder.assetcatalog; path = Assets.xcassets; sourceTree = "<group>"; };
		0CE5D4092244BD1000F707F9 /* Base */ = {isa = PBXFileReference; lastKnownFileType = file.storyboard; name = Base; path = Base.lproj/LaunchScreen.storyboard; sourceTree = "<group>"; };
		0CE5D40B2244BD1000F707F9 /* Info.plist */ = {isa = PBXFileReference; lastKnownFileType = text.plist.xml; path = Info.plist; sourceTree = "<group>"; };
		0CE5D40C2244BD1000F707F9 /* main.m */ = {isa = PBXFileReference; lastKnownFileType = sourcecode.c.objc; path = main.m; sourceTree = "<group>"; };
		0CE5D4132244BDA600F707F9 /* Container.swift */ = {isa = PBXFileReference; lastKnownFileType = sourcecode.swift; path = Container.swift; sourceTree = "<group>"; };
		0CE5D4152244BDC000F707F9 /* List.swift */ = {isa = PBXFileReference; lastKnownFileType = sourcecode.swift; path = List.swift; sourceTree = "<group>"; };
		0CE5D4172244BDE900F707F9 /* Queue.swift */ = {isa = PBXFileReference; lastKnownFileType = sourcecode.swift; path = Queue.swift; sourceTree = "<group>"; };
		0CE5D41D2244E15800F707F9 /* StringList.swift */ = {isa = PBXFileReference; lastKnownFileType = sourcecode.swift; path = StringList.swift; sourceTree = "<group>"; };
/* End PBXFileReference section */

/* Begin PBXFrameworksBuildPhase section */
		0CE5D3F72244BD1000F707F9 /* Frameworks */ = {
			isa = PBXFrameworksBuildPhase;
			buildActionMask = 2147483647;
			files = (
			);
			runOnlyForDeploymentPostprocessing = 0;
		};
/* End PBXFrameworksBuildPhase section */

/* Begin PBXGroup section */
		0CE5D3F12244BD1000F707F9 = {
			isa = PBXGroup;
			children = (
				0CE5D3FC2244BD1000F707F9 /* ObjcSwiftInterop */,
				0CE5D3FB2244BD1000F707F9 /* Products */,
			);
			sourceTree = "<group>";
		};
		0CE5D3FB2244BD1000F707F9 /* Products */ = {
			isa = PBXGroup;
			children = (
				0CE5D3FA2244BD1000F707F9 /* ObjcSwiftInterop.app */,
			);
			name = Products;
			sourceTree = "<group>";
		};
		0CE5D3FC2244BD1000F707F9 /* ObjcSwiftInterop */ = {
			isa = PBXGroup;
			children = (
				0CE5D3FD2244BD1000F707F9 /* AppDelegate.h */,
				0CE5D3FE2244BD1000F707F9 /* AppDelegate.m */,
				0CE5D4002244BD1000F707F9 /* ViewController.h */,
				0CE5D4012244BD1000F707F9 /* ViewController.m */,
				0CE5D4032244BD1000F707F9 /* Main.storyboard */,
				0CE5D4062244BD1000F707F9 /* Assets.xcassets */,
				0CE5D4082244BD1000F707F9 /* LaunchScreen.storyboard */,
				0CE5D40B2244BD1000F707F9 /* Info.plist */,
				0CE5D40C2244BD1000F707F9 /* main.m */,
				0CE5D4132244BDA600F707F9 /* Container.swift */,
				0CE5D4152244BDC000F707F9 /* List.swift */,
				0CE5D4172244BDE900F707F9 /* Queue.swift */,
				0CE5D41D2244E15800F707F9 /* StringList.swift */,
			);
			path = ObjcSwiftInterop;
			sourceTree = "<group>";
		};
/* End PBXGroup section */

/* Begin PBXNativeTarget section */
		0CE5D3F92244BD1000F707F9 /* ObjcSwiftInterop */ = {
			isa = PBXNativeTarget;
			buildConfigurationList = 0CE5D4102244BD1100F707F9 /* Build configuration list for PBXNativeTarget "ObjcSwiftInterop" */;
			buildPhases = (
				0CE5D3F62244BD1000F707F9 /* Sources */,
				0CE5D3F72244BD1000F707F9 /* Frameworks */,
				0CE5D3F82244BD1000F707F9 /* Resources */,
			);
			buildRules = (
			);
			dependencies = (
			);
			name = ObjcSwiftInterop;
			productName = ObjcSwiftInterop;
			productReference = 0CE5D3FA2244BD1000F707F9 /* ObjcSwiftInterop.app */;
			productType = "com.apple.product-type.application";
		};
/* End PBXNativeTarget section */

/* Begin PBXProject section */
		0CE5D3F22244BD1000F707F9 /* Project object */ = {
			isa = PBXProject;
			attributes = {
				LastUpgradeCheck = 1010;
				ORGANIZATIONNAME = "Maksim Ivanov";
				TargetAttributes = {
					0CE5D3F92244BD1000F707F9 = {
						CreatedOnToolsVersion = 10.1;
						LastSwiftMigration = 1010;
					};
				};
			};
			buildConfigurationList = 0CE5D3F52244BD1000F707F9 /* Build configuration list for PBXProject "ObjcSwiftInterop" */;
			compatibilityVersion = "Xcode 9.3";
			developmentRegion = en;
			hasScannedForEncodings = 0;
			knownRegions = (
				en,
				Base,
			);
			mainGroup = 0CE5D3F12244BD1000F707F9;
			productRefGroup = 0CE5D3FB2244BD1000F707F9 /* Products */;
			projectDirPath = "";
			projectRoot = "";
			targets = (
				0CE5D3F92244BD1000F707F9 /* ObjcSwiftInterop */,
			);
		};
/* End PBXProject section */

/* Begin PBXResourcesBuildPhase section */
		0CE5D3F82244BD1000F707F9 /* Resources */ = {
			isa = PBXResourcesBuildPhase;
			buildActionMask = 2147483647;
			files = (
				0CE5D40A2244BD1000F707F9 /* LaunchScreen.storyboard in Resources */,
				0CE5D4072244BD1000F707F9 /* Assets.xcassets in Resources */,
				0CE5D4052244BD1000F707F9 /* Main.storyboard in Resources */,
			);
			runOnlyForDeploymentPostprocessing = 0;
		};
/* End PBXResourcesBuildPhase section */

/* Begin PBXSourcesBuildPhase section */
		0CE5D3F62244BD1000F707F9 /* Sources */ = {
			isa = PBXSourcesBuildPhase;
			buildActionMask = 2147483647;
			files = (
				0CE5D4022244BD1000F707F9 /* ViewController.m in Sources */,
				0CE5D4182244BDE900F707F9 /* Queue.swift in Sources */,
				0CE5D4142244BDA600F707F9 /* Container.swift in Sources */,
				0CE5D40D2244BD1000F707F9 /* main.m in Sources */,
				0CE5D4162244BDC000F707F9 /* List.swift in Sources */,
				0CE5D41E2244E15800F707F9 /* StringList.swift in Sources */,
				0CE5D3FF2244BD1000F707F9 /* AppDelegate.m in Sources */,
			);
			runOnlyForDeploymentPostprocessing = 0;
		};
/* End PBXSourcesBuildPhase section */

/* Begin PBXVariantGroup section */
		0CE5D4032244BD1000F707F9 /* Main.storyboard */ = {
			isa = PBXVariantGroup;
			children = (
				0CE5D4042244BD1000F707F9 /* Base */,
			);
			name = Main.storyboard;
			sourceTree = "<group>";
		};
		0CE5D4082244BD1000F707F9 /* LaunchScreen.storyboard */ = {
			isa = PBXVariantGroup;
			children = (
				0CE5D4092244BD1000F707F9 /* Base */,
			);
			name = LaunchScreen.storyboard;
			sourceTree = "<group>";
		};
/* End PBXVariantGroup section */

/* Begin XCBuildConfiguration section */
		0CE5D40E2244BD1100F707F9 /* Debug */ = {
			isa = XCBuildConfiguration;
			buildSettings = {
				ALWAYS_SEARCH_USER_PATHS = NO;
				CLANG_ANALYZER_NONNULL = YES;
				CLANG_ANALYZER_NUMBER_OBJECT_CONVERSION = YES_AGGRESSIVE;
				CLANG_CXX_LANGUAGE_STANDARD = "gnu++14";
				CLANG_CXX_LIBRARY = "libc++";
				CLANG_ENABLE_MODULES = YES;
				CLANG_ENABLE_OBJC_ARC = YES;
				CLANG_ENABLE_OBJC_WEAK = YES;
				CLANG_WARN_BLOCK_CAPTURE_AUTORELEASING = YES;
				CLANG_WARN_BOOL_CONVERSION = YES;
				CLANG_WARN_COMMA = YES;
				CLANG_WARN_CONSTANT_CONVERSION = YES;
				CLANG_WARN_DEPRECATED_OBJC_IMPLEMENTATIONS = YES;
				CLANG_WARN_DIRECT_OBJC_ISA_USAGE = YES_ERROR;
				CLANG_WARN_DOCUMENTATION_COMMENTS = YES;
				CLANG_WARN_EMPTY_BODY = YES;
				CLANG_WARN_ENUM_CONVERSION = YES;
				CLANG_WARN_INFINITE_RECURSION = YES;
				CLANG_WARN_INT_CONVERSION = YES;
				CLANG_WARN_NON_LITERAL_NULL_CONVERSION = YES;
				CLANG_WARN_OBJC_IMPLICIT_RETAIN_SELF = YES;
				CLANG_WARN_OBJC_LITERAL_CONVERSION = YES;
				CLANG_WARN_OBJC_ROOT_CLASS = YES_ERROR;
				CLANG_WARN_RANGE_LOOP_ANALYSIS = YES;
				CLANG_WARN_STRICT_PROTOTYPES = YES;
				CLANG_WARN_SUSPICIOUS_MOVE = YES;
				CLANG_WARN_UNGUARDED_AVAILABILITY = YES_AGGRESSIVE;
				CLANG_WARN_UNREACHABLE_CODE = YES;
				CLANG_WARN__DUPLICATE_METHOD_MATCH = YES;
				CODE_SIGN_IDENTITY = "iPhone Developer";
				COPY_PHASE_STRIP = NO;
				DEBUG_INFORMATION_FORMAT = dwarf;
				ENABLE_STRICT_OBJC_MSGSEND = YES;
				ENABLE_TESTABILITY = YES;
				GCC_C_LANGUAGE_STANDARD = gnu11;
				GCC_DYNAMIC_NO_PIC = NO;
				GCC_NO_COMMON_BLOCKS = YES;
				GCC_OPTIMIZATION_LEVEL = 0;
				GCC_PREPROCESSOR_DEFINITIONS = (
					"DEBUG=1",
					"$(inherited)",
				);
				GCC_WARN_64_TO_32_BIT_CONVERSION = YES;
				GCC_WARN_ABOUT_RETURN_TYPE = YES_ERROR;
				GCC_WARN_UNDECLARED_SELECTOR = YES;
				GCC_WARN_UNINITIALIZED_AUTOS = YES_AGGRESSIVE;
				GCC_WARN_UNUSED_FUNCTION = YES;
				GCC_WARN_UNUSED_VARIABLE = YES;
				IPHONEOS_DEPLOYMENT_TARGET = 12.1;
				MTL_ENABLE_DEBUG_INFO = INCLUDE_SOURCE;
				MTL_FAST_MATH = YES;
				ONLY_ACTIVE_ARCH = YES;
				SDKROOT = iphoneos;
			};
			name = Debug;
		};
		0CE5D40F2244BD1100F707F9 /* Release */ = {
			isa = XCBuildConfiguration;
			buildSettings = {
				ALWAYS_SEARCH_USER_PATHS = NO;
				CLANG_ANALYZER_NONNULL = YES;
				CLANG_ANALYZER_NUMBER_OBJECT_CONVERSION = YES_AGGRESSIVE;
				CLANG_CXX_LANGUAGE_STANDARD = "gnu++14";
				CLANG_CXX_LIBRARY = "libc++";
				CLANG_ENABLE_MODULES = YES;
				CLANG_ENABLE_OBJC_ARC = YES;
				CLANG_ENABLE_OBJC_WEAK = YES;
				CLANG_WARN_BLOCK_CAPTURE_AUTORELEASING = YES;
				CLANG_WARN_BOOL_CONVERSION = YES;
				CLANG_WARN_COMMA = YES;
				CLANG_WARN_CONSTANT_CONVERSION = YES;
				CLANG_WARN_DEPRECATED_OBJC_IMPLEMENTATIONS = YES;
				CLANG_WARN_DIRECT_OBJC_ISA_USAGE = YES_ERROR;
				CLANG_WARN_DOCUMENTATION_COMMENTS = YES;
				CLANG_WARN_EMPTY_BODY = YES;
				CLANG_WARN_ENUM_CONVERSION = YES;
				CLANG_WARN_INFINITE_RECURSION = YES;
				CLANG_WARN_INT_CONVERSION = YES;
				CLANG_WARN_NON_LITERAL_NULL_CONVERSION = YES;
				CLANG_WARN_OBJC_IMPLICIT_RETAIN_SELF = YES;
				CLANG_WARN_OBJC_LITERAL_CONVERSION = YES;
				CLANG_WARN_OBJC_ROOT_CLASS = YES_ERROR;
				CLANG_WARN_RANGE_LOOP_ANALYSIS = YES;
				CLANG_WARN_STRICT_PROTOTYPES = YES;
				CLANG_WARN_SUSPICIOUS_MOVE = YES;
				CLANG_WARN_UNGUARDED_AVAILABILITY = YES_AGGRESSIVE;
				CLANG_WARN_UNREACHABLE_CODE = YES;
				CLANG_WARN__DUPLICATE_METHOD_MATCH = YES;
				CODE_SIGN_IDENTITY = "iPhone Developer";
				COPY_PHASE_STRIP = NO;
				DEBUG_INFORMATION_FORMAT = "dwarf-with-dsym";
				ENABLE_NS_ASSERTIONS = NO;
				ENABLE_STRICT_OBJC_MSGSEND = YES;
				GCC_C_LANGUAGE_STANDARD = gnu11;
				GCC_NO_COMMON_BLOCKS = YES;
				GCC_WARN_64_TO_32_BIT_CONVERSION = YES;
				GCC_WARN_ABOUT_RETURN_TYPE = YES_ERROR;
				GCC_WARN_UNDECLARED_SELECTOR = YES;
				GCC_WARN_UNINITIALIZED_AUTOS = YES_AGGRESSIVE;
				GCC_WARN_UNUSED_FUNCTION = YES;
				GCC_WARN_UNUSED_VARIABLE = YES;
				IPHONEOS_DEPLOYMENT_TARGET = 12.1;
				MTL_ENABLE_DEBUG_INFO = NO;
				MTL_FAST_MATH = YES;
				SDKROOT = iphoneos;
				VALIDATE_PRODUCT = YES;
			};
			name = Release;
		};
		0CE5D4112244BD1100F707F9 /* Debug */ = {
			isa = XCBuildConfiguration;
			buildSettings = {
				ASSETCATALOG_COMPILER_APPICON_NAME = AppIcon;
				CLANG_ENABLE_MODULES = YES;
				CODE_SIGN_STYLE = Automatic;
				INFOPLIST_FILE = ObjcSwiftInterop/Info.plist;
				LD_RUNPATH_SEARCH_PATHS = (
					"$(inherited)",
					"@executable_path/Frameworks",
				);
				PRODUCT_BUNDLE_IDENTIFIER = io.github.maksimn.ObjcSwiftInterop;
				PRODUCT_NAME = "$(TARGET_NAME)";
				SWIFT_OPTIMIZATION_LEVEL = "-Onone";
				SWIFT_VERSION = 4.2;
				TARGETED_DEVICE_FAMILY = "1,2";
			};
			name = Debug;
		};
		0CE5D4122244BD1100F707F9 /* Release */ = {
			isa = XCBuildConfiguration;
			buildSettings = {
				ASSETCATALOG_COMPILER_APPICON_NAME = AppIcon;
				CLANG_ENABLE_MODULES = YES;
				CODE_SIGN_STYLE = Automatic;
				INFOPLIST_FILE = ObjcSwiftInterop/Info.plist;
				LD_RUNPATH_SEARCH_PATHS = (
					"$(inherited)",
					"@executable_path/Frameworks",
				);
				PRODUCT_BUNDLE_IDENTIFIER = io.github.maksimn.ObjcSwiftInterop;
				PRODUCT_NAME = "$(TARGET_NAME)";
				SWIFT_VERSION = 4.2;
				TARGETED_DEVICE_FAMILY = "1,2";
			};
			name = Release;
		};
/* End XCBuildConfiguration section */

/* Begin XCConfigurationList section */
		0CE5D3F52244BD1000F707F9 /* Build configuration list for PBXProject "ObjcSwiftInterop" */ = {
			isa = XCConfigurationList;
			buildConfigurations = (
				0CE5D40E2244BD1100F707F9 /* Debug */,
				0CE5D40F2244BD1100F707F9 /* Release */,
			);
			defaultConfigurationIsVisible = 0;
			defaultConfigurationName = Release;
		};
		0CE5D4102244BD1100F707F9 /* Build configuration list for PBXNativeTarget "ObjcSwiftInterop" */ = {
			isa = XCConfigurationList;
			buildConfigurations = (
				0CE5D4112244BD1100F707F9 /* Debug */,
				0CE5D4122244BD1100F707F9 /* Release */,
			);
			defaultConfigurationIsVisible = 0;
			defaultConfigurationName = Release;
		};
/* End XCConfigurationList section */
	};
	rootObject = 0CE5D3F22244BD1000F707F9 /* Project object */;
}
